
Microsoft Visual Studio Solution File, Format Version 12.00
# Visual Studio Version 16
VisualStudioVersion = 16.0.30717.126
MinimumVisualStudioVersion = 10.0.40219.1
Project("{9A19103F-16F7-4668-BE54-9A1E7A4F7556}") = "BBALL.CON", "BBALL.CON\BBALL.CON.csproj", "{3B963F06-5414-46E3-8332-7C8C7AE0C5CC}"
EndProject
Project("{FAE04EC0-301F-11D3-BF4B-00C04F79EFBC}") = "BBALL.LIB", "BBALL.LIB\BBALL.LIB.csproj", "{16D0B2CB-798D-41A6-9C9C-995200192783}"
EndProject
Global
	GlobalSection(SolutionConfigurationPlatforms) = preSolution
		Debug|Any CPU = Debug|Any CPU
		Release|Any CPU = Release|Any CPU
	EndGlobalSection
	GlobalSection(ProjectConfigurationPlatforms) = postSolution
		{3B963F06-5414-46E3-8332-7C8C7AE0C5CC}.Debug|Any CPU.ActiveCfg = Debug|Any CPU
		{3B963F06-5414-46E3-8332-7C8C7AE0C5CC}.Debug|Any CPU.Build.0 = Debug|Any CPU
		{3B963F06-5414-46E3-8332-7C8C7AE0C5CC}.Release|Any CPU.ActiveCfg = Release|Any CPU
		{3B963F06-5414-46E3-8332-7C8C7AE0C5CC}.Release|Any CPU.Build.0 = Release|Any CPU
		{16D0B2CB-798D-41A6-9C9C-995200192783}.Debug|Any CPU.ActiveCfg = Debug|Any CPU
		{16D0B2CB-798D-41A6-9C9C-995200192783}.Debug|Any CPU.Build.0 = Debug|Any CPU
		{16D0B2CB-798D-41A6-9C9C-995200192783}.Release|Any CPU.ActiveCfg = Release|Any CPU
		{16D0B2CB-798D-41A6-9C9C-995200192783}.Release|Any CPU.Build.0 = Release|Any CPU
	EndGlobalSection
	GlobalSection(SolutionProperties) = preSolution
		HideSolutionNode = FALSE
	EndGlobalSection
	GlobalSection(ExtensibilityGlobals) = postSolution
		SolutionGuid = {02A6DD8A-E7B9-4101-A315-53C9485BADF2}
	EndGlobalSection
EndGlobal
